// !$*UTF8*$!
{
	archiveVersion = 1;
	classes = {
	};
	objectVersion = 46;
	objects = {

/* Begin PBXBuildFile section */
		980B78C8186BA0B300D5D180 /* Foundation.framework in Frameworks */ = {isa = PBXBuildFile; fileRef = 980B78C7186BA0B300D5D180 /* Foundation.framework */; };
		980B78CA186BA0B300D5D180 /* CoreGraphics.framework in Frameworks */ = {isa = PBXBuildFile; fileRef = 980B78C9186BA0B300D5D180 /* CoreGraphics.framework */; };
		980B78CC186BA0B300D5D180 /* UIKit.framework in Frameworks */ = {isa = PBXBuildFile; fileRef = 980B78CB186BA0B300D5D180 /* UIKit.framework */; };
		980B78D2186BA0B300D5D180 /* InfoPlist.strings in Resources */ = {isa = PBXBuildFile; fileRef = 980B78D0186BA0B300D5D180 /* InfoPlist.strings */; };
		980B78D4186BA0B300D5D180 /* main.m in Sources */ = {isa = PBXBuildFile; fileRef = 980B78D3186BA0B300D5D180 /* main.m */; };
		980B78D8186BA0B300D5D180 /* SCLAppDelegate.m in Sources */ = {isa = PBXBuildFile; fileRef = 980B78D7186BA0B300D5D180 /* SCLAppDelegate.m */; };
		980B78DB186BA0B300D5D180 /* Main.storyboard in Resources */ = {isa = PBXBuildFile; fileRef = 980B78D9186BA0B300D5D180 /* Main.storyboard */; };
		980B78DE186BA0B300D5D180 /* SCLViewController.m in Sources */ = {isa = PBXBuildFile; fileRef = 980B78DD186BA0B300D5D180 /* SCLViewController.m */; };
		980B78E0186BA0B300D5D180 /* Images.xcassets in Resources */ = {isa = PBXBuildFile; fileRef = 980B78DF186BA0B300D5D180 /* Images.xcassets */; };
		980B78E7186BA0B300D5D180 /* XCTest.framework in Frameworks */ = {isa = PBXBuildFile; fileRef = 980B78E6186BA0B300D5D180 /* XCTest.framework */; };
		980B78E8186BA0B300D5D180 /* Foundation.framework in Frameworks */ = {isa = PBXBuildFile; fileRef = 980B78C7186BA0B300D5D180 /* Foundation.framework */; };
		980B78E9186BA0B300D5D180 /* UIKit.framework in Frameworks */ = {isa = PBXBuildFile; fileRef = 980B78CB186BA0B300D5D180 /* UIKit.framework */; };
		980B78F1186BA0B300D5D180 /* InfoPlist.strings in Resources */ = {isa = PBXBuildFile; fileRef = 980B78EF186BA0B300D5D180 /* InfoPlist.strings */; };
		980B78F3186BA0B300D5D180 /* StringByRemovingCharactersInSetTests.m in Sources */ = {isa = PBXBuildFile; fileRef = 980B78F2186BA0B300D5D180 /* StringByRemovingCharactersInSetTests.m */; };
		980B78FE186BA0D000D5D180 /* NSString+SCLStringUtils.m in Sources */ = {isa = PBXBuildFile; fileRef = 980B78FD186BA0D000D5D180 /* NSString+SCLStringUtils.m */; };
/* End PBXBuildFile section */

/* Begin PBXContainerItemProxy section */
		980B78EA186BA0B300D5D180 /* PBXContainerItemProxy */ = {
			isa = PBXContainerItemProxy;
			containerPortal = 980B78BC186BA0B300D5D180 /* Project object */;
			proxyType = 1;
			remoteGlobalIDString = 980B78C3186BA0B300D5D180;
			remoteInfo = StringByRemovingCharactersInSet;
		};
/* End PBXContainerItemProxy section */

/* Begin PBXFileReference section */
		980B78C4186BA0B300D5D180 /* StringByRemovingCharactersInSet.app */ = {isa = PBXFileReference; explicitFileType = wrapper.application; includeInIndex = 0; path = StringByRemovingCharactersInSet.app; sourceTree = BUILT_PRODUCTS_DIR; };
		980B78C7186BA0B300D5D180 /* Foundation.framework */ = {isa = PBXFileReference; lastKnownFileType = wrapper.framework; name = Foundation.framework; path = System/Library/Frameworks/Foundation.framework; sourceTree = SDKROOT; };
		980B78C9186BA0B300D5D180 /* CoreGraphics.framework */ = {isa = PBXFileReference; lastKnownFileType = wrapper.framework; name = CoreGraphics.framework; path = System/Library/Frameworks/CoreGraphics.framework; sourceTree = SDKROOT; };
		980B78CB186BA0B300D5D180 /* UIKit.framework */ = {isa = PBXFileReference; lastKnownFileType = wrapper.framework; name = UIKit.framework; path = System/Library/Frameworks/UIKit.framework; sourceTree = SDKROOT; };
		980B78CF186BA0B300D5D180 /* StringByRemovingCharactersInSet-Info.plist */ = {isa = PBXFileReference; lastKnownFileType = text.plist.xml; path = "StringByRemovingCharactersInSet-Info.plist"; sourceTree = "<group>"; };
		980B78D1186BA0B300D5D180 /* en */ = {isa = PBXFileReference; lastKnownFileType = text.plist.strings; name = en; path = en.lproj/InfoPlist.strings; sourceTree = "<group>"; };
		980B78D3186BA0B300D5D180 /* main.m */ = {isa = PBXFileReference; lastKnownFileType = sourcecode.c.objc; path = main.m; sourceTree = "<group>"; };
		980B78D5186BA0B300D5D180 /* StringByRemovingCharactersInSet-Prefix.pch */ = {isa = PBXFileReference; lastKnownFileType = sourcecode.c.h; path = "StringByRemovingCharactersInSet-Prefix.pch"; sourceTree = "<group>"; };
		980B78D6186BA0B300D5D180 /* SCLAppDelegate.h */ = {isa = PBXFileReference; lastKnownFileType = sourcecode.c.h; path = SCLAppDelegate.h; sourceTree = "<group>"; };
		980B78D7186BA0B300D5D180 /* SCLAppDelegate.m */ = {isa = PBXFileReference; lastKnownFileType = sourcecode.c.objc; path = SCLAppDelegate.m; sourceTree = "<group>"; };
		980B78DA186BA0B300D5D180 /* Base */ = {isa = PBXFileReference; lastKnownFileType = file.storyboard; name = Base; path = Base.lproj/Main.storyboard; sourceTree = "<group>"; };
		980B78DC186BA0B300D5D180 /* SCLViewController.h */ = {isa = PBXFileReference; lastKnownFileType = sourcecode.c.h; path = SCLViewController.h; sourceTree = "<group>"; };
		980B78DD186BA0B300D5D180 /* SCLViewController.m */ = {isa = PBXFileReference; lastKnownFileType = sourcecode.c.objc; path = SCLViewController.m; sourceTree = "<group>"; };
		980B78DF186BA0B300D5D180 /* Images.xcassets */ = {isa = PBXFileReference; lastKnownFileType = folder.assetcatalog; path = Images.xcassets; sourceTree = "<group>"; };
		980B78E5186BA0B300D5D180 /* StringByRemovingCharactersInSetTests.xctest */ = {isa = PBXFileReference; explicitFileType = wrapper.cfbundle; includeInIndex = 0; path = StringByRemovingCharactersInSetTests.xctest; sourceTree = BUILT_PRODUCTS_DIR; };
		980B78E6186BA0B300D5D180 /* XCTest.framework */ = {isa = PBXFileReference; lastKnownFileType = wrapper.framework; name = XCTest.framework; path = Library/Frameworks/XCTest.framework; sourceTree = DEVELOPER_DIR; };
		980B78EE186BA0B300D5D180 /* StringByRemovingCharactersInSetTests-Info.plist */ = {isa = PBXFileReference; lastKnownFileType = text.plist.xml; path = "StringByRemovingCharactersInSetTests-Info.plist"; sourceTree = "<group>"; };
		980B78F0186BA0B300D5D180 /* en */ = {isa = PBXFileReference; lastKnownFileType = text.plist.strings; name = en; path = en.lproj/InfoPlist.strings; sourceTree = "<group>"; };
		980B78F2186BA0B300D5D180 /* StringByRemovingCharactersInSetTests.m */ = {isa = PBXFileReference; lastKnownFileType = sourcecode.c.objc; path = StringByRemovingCharactersInSetTests.m; sourceTree = "<group>"; };
		980B78FC186BA0D000D5D180 /* NSString+SCLStringUtils.h */ = {isa = PBXFileReference; fileEncoding = 4; lastKnownFileType = sourcecode.c.h; path = "NSString+SCLStringUtils.h"; sourceTree = "<group>"; };
		980B78FD186BA0D000D5D180 /* NSString+SCLStringUtils.m */ = {isa = PBXFileReference; fileEncoding = 4; lastKnownFileType = sourcecode.c.objc; path = "NSString+SCLStringUtils.m"; sourceTree = "<group>"; };
/* End PBXFileReference section */

/* Begin PBXFrameworksBuildPhase section */
		980B78C1186BA0B300D5D180 /* Frameworks */ = {
			isa = PBXFrameworksBuildPhase;
			buildActionMask = 2147483647;
			files = (
				980B78CA186BA0B300D5D180 /* CoreGraphics.framework in Frameworks */,
				980B78CC186BA0B300D5D180 /* UIKit.framework in Frameworks */,
				980B78C8186BA0B300D5D180 /* Foundation.framework in Frameworks */,
			);
			runOnlyForDeploymentPostprocessing = 0;
		};
		980B78E2186BA0B300D5D180 /* Frameworks */ = {
			isa = PBXFrameworksBuildPhase;
			buildActionMask = 2147483647;
			files = (
				980B78E7186BA0B300D5D180 /* XCTest.framework in Frameworks */,
				980B78E9186BA0B300D5D180 /* UIKit.framework in Frameworks */,
				980B78E8186BA0B300D5D180 /* Foundation.framework in Frameworks */,
			);
			runOnlyForDeploymentPostprocessing = 0;
		};
/* End PBXFrameworksBuildPhase section */

/* Begin PBXGroup section */
		980B78BB186BA0B300D5D180 = {
			isa = PBXGroup;
			children = (
				980B78CD186BA0B300D5D180 /* StringByRemovingCharactersInSet */,
				980B78EC186BA0B300D5D180 /* StringByRemovingCharactersInSetTests */,
				980B78C6186BA0B300D5D180 /* Frameworks */,
				980B78C5186BA0B300D5D180 /* Products */,
			);
			sourceTree = "<group>";
		};
		980B78C5186BA0B300D5D180 /* Products */ = {
			isa = PBXGroup;
			children = (
				980B78C4186BA0B300D5D180 /* StringByRemovingCharactersInSet.app */,
				980B78E5186BA0B300D5D180 /* StringByRemovingCharactersInSetTests.xctest */,
			);
			name = Products;
			sourceTree = "<group>";
		};
		980B78C6186BA0B300D5D180 /* Frameworks */ = {
			isa = PBXGroup;
			children = (
				980B78C7186BA0B300D5D180 /* Foundation.framework */,
				980B78C9186BA0B300D5D180 /* CoreGraphics.framework */,
				980B78CB186BA0B300D5D180 /* UIKit.framework */,
				980B78E6186BA0B300D5D180 /* XCTest.framework */,
			);
			name = Frameworks;
			sourceTree = "<group>";
		};
		980B78CD186BA0B300D5D180 /* StringByRemovingCharactersInSet */ = {
			isa = PBXGroup;
			children = (
				980B78D6186BA0B300D5D180 /* SCLAppDelegate.h */,
				980B78D7186BA0B300D5D180 /* SCLAppDelegate.m */,
				980B78D9186BA0B300D5D180 /* Main.storyboard */,
				980B78DC186BA0B300D5D180 /* SCLViewController.h */,
				980B78DD186BA0B300D5D180 /* SCLViewController.m */,
				980B78DF186BA0B300D5D180 /* Images.xcassets */,
				980B78CE186BA0B300D5D180 /* Supporting Files */,
				980B78FC186BA0D000D5D180 /* NSString+SCLStringUtils.h */,
				980B78FD186BA0D000D5D180 /* NSString+SCLStringUtils.m */,
			);
			path = StringByRemovingCharactersInSet;
			sourceTree = "<group>";
		};
		980B78CE186BA0B300D5D180 /* Supporting Files */ = {
			isa = PBXGroup;
			children = (
				980B78CF186BA0B300D5D180 /* StringByRemovingCharactersInSet-Info.plist */,
				980B78D0186BA0B300D5D180 /* InfoPlist.strings */,
				980B78D3186BA0B300D5D180 /* main.m */,
				980B78D5186BA0B300D5D180 /* StringByRemovingCharactersInSet-Prefix.pch */,
			);
			name = "Supporting Files";
			sourceTree = "<group>";
		};
		980B78EC186BA0B300D5D180 /* StringByRemovingCharactersInSetTests */ = {
			isa = PBXGroup;
			children = (
				980B78F2186BA0B300D5D180 /* StringByRemovingCharactersInSetTests.m */,
				980B78ED186BA0B300D5D180 /* Supporting Files */,
			);
			path = StringByRemovingCharactersInSetTests;
			sourceTree = "<group>";
		};
		980B78ED186BA0B300D5D180 /* Supporting Files */ = {
			isa = PBXGroup;
			children = (
				980B78EE186BA0B300D5D180 /* StringByRemovingCharactersInSetTests-Info.plist */,
				980B78EF186BA0B300D5D180 /* InfoPlist.strings */,
			);
			name = "Supporting Files";
			sourceTree = "<group>";
		};
/* End PBXGroup section */

/* Begin PBXNativeTarget section */
		980B78C3186BA0B300D5D180 /* StringByRemovingCharactersInSet */ = {
			isa = PBXNativeTarget;
			buildConfigurationList = 980B78F6186BA0B300D5D180 /* Build configuration list for PBXNativeTarget "StringByRemovingCharactersInSet" */;
			buildPhases = (
				980B78C0186BA0B300D5D180 /* Sources */,
				980B78C1186BA0B300D5D180 /* Frameworks */,
				980B78C2186BA0B300D5D180 /* Resources */,
			);
			buildRules = (
			);
			dependencies = (
			);
			name = StringByRemovingCharactersInSet;
			productName = StringByRemovingCharactersInSet;
			productReference = 980B78C4186BA0B300D5D180 /* StringByRemovingCharactersInSet.app */;
			productType = "com.apple.product-type.application";
		};
		980B78E4186BA0B300D5D180 /* StringByRemovingCharactersInSetTests */ = {
			isa = PBXNativeTarget;
			buildConfigurationList = 980B78F9186BA0B300D5D180 /* Build configuration list for PBXNativeTarget "StringByRemovingCharactersInSetTests" */;
			buildPhases = (
				980B78E1186BA0B300D5D180 /* Sources */,
				980B78E2186BA0B300D5D180 /* Frameworks */,
				980B78E3186BA0B300D5D180 /* Resources */,
			);
			buildRules = (
			);
			dependencies = (
				980B78EB186BA0B300D5D180 /* PBXTargetDependency */,
			);
			name = StringByRemovingCharactersInSetTests;
			productName = StringByRemovingCharactersInSetTests;
			productReference = 980B78E5186BA0B300D5D180 /* StringByRemovingCharactersInSetTests.xctest */;
			productType = "com.apple.product-type.bundle.unit-test";
		};
/* End PBXNativeTarget section */

/* Begin PBXProject section */
		980B78BC186BA0B300D5D180 /* Project object */ = {
			isa = PBXProject;
			attributes = {
				CLASSPREFIX = SCL;
				LastUpgradeCheck = 0500;
				ORGANIZATIONNAME = "Scott Lessans";
				TargetAttributes = {
					980B78E4186BA0B300D5D180 = {
						TestTargetID = 980B78C3186BA0B300D5D180;
					};
				};
			};
			buildConfigurationList = 980B78BF186BA0B300D5D180 /* Build configuration list for PBXProject "StringByRemovingCharactersInSet" */;
			compatibilityVersion = "Xcode 3.2";
			developmentRegion = English;
			hasScannedForEncodings = 0;
			knownRegions = (
				en,
				Base,
			);
			mainGroup = 980B78BB186BA0B300D5D180;
			productRefGroup = 980B78C5186BA0B300D5D180 /* Products */;
			projectDirPath = "";
			projectRoot = "";
			targets = (
				980B78C3186BA0B300D5D180 /* StringByRemovingCharactersInSet */,
				980B78E4186BA0B300D5D180 /* StringByRemovingCharactersInSetTests */,
			);
		};
/* End PBXProject section */

/* Begin PBXResourcesBuildPhase section */
		980B78C2186BA0B300D5D180 /* Resources */ = {
			isa = PBXResourcesBuildPhase;
			buildActionMask = 2147483647;
			files = (
				980B78E0186BA0B300D5D180 /* Images.xcassets in Resources */,
				980B78D2186BA0B300D5D180 /* InfoPlist.strings in Resources */,
				980B78DB186BA0B300D5D180 /* Main.storyboard in Resources */,
			);
			runOnlyForDeploymentPostprocessing = 0;
		};
		980B78E3186BA0B300D5D180 /* Resources */ = {
			isa = PBXResourcesBuildPhase;
			buildActionMask = 2147483647;
			files = (
				980B78F1186BA0B300D5D180 /* InfoPlist.strings in Resources */,
			);
			runOnlyForDeploymentPostprocessing = 0;
		};
/* End PBXResourcesBuildPhase section */

/* Begin PBXSourcesBuildPhase section */
		980B78C0186BA0B300D5D180 /* Sources */ = {
			isa = PBXSourcesBuildPhase;
			buildActionMask = 2147483647;
			files = (
				980B78DE186BA0B300D5D180 /* SCLViewController.m in Sources */,
				980B78FE186BA0D000D5D180 /* NSString+SCLStringUtils.m in Sources */,
				980B78D4186BA0B300D5D180 /* main.m in Sources */,
				980B78D8186BA0B300D5D180 /* SCLAppDelegate.m in Sources */,
			);
			runOnlyForDeploymentPostprocessing = 0;
		};
		980B78E1186BA0B300D5D180 /* Sources */ = {
			isa = PBXSourcesBuildPhase;
			buildActionMask = 2147483647;
			files = (
				980B78F3186BA0B300D5D180 /* StringByRemovingCharactersInSetTests.m in Sources */,
			);
			runOnlyForDeploymentPostprocessing = 0;
		};
/* End PBXSourcesBuildPhase section */

/* Begin PBXTargetDependency section */
		980B78EB186BA0B300D5D180 /* PBXTargetDependency */ = {
			isa = PBXTargetDependency;
			target = 980B78C3186BA0B300D5D180 /* StringByRemovingCharactersInSet */;
			targetProxy = 980B78EA186BA0B300D5D180 /* PBXContainerItemProxy */;
		};
/* End PBXTargetDependency section */

/* Begin PBXVariantGroup section */
		980B78D0186BA0B300D5D180 /* InfoPlist.strings */ = {
			isa = PBXVariantGroup;
			children = (
				980B78D1186BA0B300D5D180 /* en */,
			);
			name = InfoPlist.strings;
			sourceTree = "<group>";
		};
		980B78D9186BA0B300D5D180 /* Main.storyboard */ = {
			isa = PBXVariantGroup;
			children = (
				980B78DA186BA0B300D5D180 /* Base */,
			);
			name = Main.storyboard;
			sourceTree = "<group>";
		};
		980B78EF186BA0B300D5D180 /* InfoPlist.strings */ = {
			isa = PBXVariantGroup;
			children = (
				980B78F0186BA0B300D5D180 /* en */,
			);
			name = InfoPlist.strings;
			sourceTree = "<group>";
		};
/* End PBXVariantGroup section */

/* Begin XCBuildConfiguration section */
		980B78F4186BA0B300D5D180 /* Debug */ = {
			isa = XCBuildConfiguration;
			buildSettings = {
				ALWAYS_SEARCH_USER_PATHS = NO;
				ARCHS = "$(ARCHS_STANDARD_INCLUDING_64_BIT)";
				CLANG_CXX_LANGUAGE_STANDARD = "gnu++0x";
				CLANG_CXX_LIBRARY = "libc++";
				CLANG_ENABLE_MODULES = YES;
				CLANG_ENABLE_OBJC_ARC = YES;
				CLANG_WARN_BOOL_CONVERSION = YES;
				CLANG_WARN_CONSTANT_CONVERSION = YES;
				CLANG_WARN_DIRECT_OBJC_ISA_USAGE = YES_ERROR;
				CLANG_WARN_EMPTY_BODY = YES;
				CLANG_WARN_ENUM_CONVERSION = YES;
				CLANG_WARN_INT_CONVERSION = YES;
				CLANG_WARN_OBJC_ROOT_CLASS = YES_ERROR;
				CLANG_WARN__DUPLICATE_METHOD_MATCH = YES;
				"CODE_SIGN_IDENTITY[sdk=iphoneos*]" = "iPhone Developer";
				COPY_PHASE_STRIP = NO;
				GCC_C_LANGUAGE_STANDARD = gnu99;
				GCC_DYNAMIC_NO_PIC = NO;
				GCC_OPTIMIZATION_LEVEL = 0;
				GCC_PREPROCESSOR_DEFINITIONS = (
					"DEBUG=1",
					"$(inherited)",
				);
				GCC_SYMBOLS_PRIVATE_EXTERN = NO;
				GCC_WARN_64_TO_32_BIT_CONVERSION = YES;
				GCC_WARN_ABOUT_RETURN_TYPE = YES_ERROR;
				GCC_WARN_UNDECLARED_SELECTOR = YES;
				GCC_WARN_UNINITIALIZED_AUTOS = YES;
				GCC_WARN_UNUSED_FUNCTION = YES;
				GCC_WARN_UNUSED_VARIABLE = YES;
				IPHONEOS_DEPLOYMENT_TARGET = 7.0;
				ONLY_ACTIVE_ARCH = YES;
				SDKROOT = iphoneos;
			};
			name = Debug;
		};
		980B78F5186BA0B300D5D180 /* Release */ = {
			isa = XCBuildConfiguration;
			buildSettings = {
				ALWAYS_SEARCH_USER_PATHS = NO;
				ARCHS = "$(ARCHS_STANDARD_INCLUDING_64_BIT)";
				CLANG_CXX_LANGUAGE_STANDARD = "gnu++0x";
				CLANG_CXX_LIBRARY = "libc++";
				CLANG_ENABLE_MODULES = YES;
				CLANG_ENABLE_OBJC_ARC = YES;
				CLANG_WARN_BOOL_CONVERSION = YES;
				CLANG_WARN_CONSTANT_CONVERSION = YES;
				CLANG_WARN_DIRECT_OBJC_ISA_USAGE = YES_ERROR;
				CLANG_WARN_EMPTY_BODY = YES;
				CLANG_WARN_ENUM_CONVERSION = YES;
				CLANG_WARN_INT_CONVERSION = YES;
				CLANG_WARN_OBJC_ROOT_CLASS = YES_ERROR;
				CLANG_WARN__DUPLICATE_METHOD_MATCH = YES;
				"CODE_SIGN_IDENTITY[sdk=iphoneos*]" = "iPhone Developer";
				COPY_PHASE_STRIP = YES;
				ENABLE_NS_ASSERTIONS = NO;
				GCC_C_LANGUAGE_STANDARD = gnu99;
				GCC_WARN_64_TO_32_BIT_CONVERSION = YES;
				GCC_WARN_ABOUT_RETURN_TYPE = YES_ERROR;
				GCC_WARN_UNDECLARED_SELECTOR = YES;
				GCC_WARN_UNINITIALIZED_AUTOS = YES;
				GCC_WARN_UNUSED_FUNCTION = YES;
				GCC_WARN_UNUSED_VARIABLE = YES;
				IPHONEOS_DEPLOYMENT_TARGET = 7.0;
				SDKROOT = iphoneos;
				VALIDATE_PRODUCT = YES;
			};
			name = Release;
		};
		980B78F7186BA0B300D5D180 /* Debug */ = {
			isa = XCBuildConfiguration;
			buildSettings = {
				ASSETCATALOG_COMPILER_APPICON_NAME = AppIcon;
				ASSETCATALOG_COMPILER_LAUNCHIMAGE_NAME = LaunchImage;
				GCC_PRECOMPILE_PREFIX_HEADER = YES;
				GCC_PREFIX_HEADER = "StringByRemovingCharactersInSet/StringByRemovingCharactersInSet-Prefix.pch";
				INFOPLIST_FILE = "StringByRemovingCharactersInSet/StringByRemovingCharactersInSet-Info.plist";
				PRODUCT_NAME = "$(TARGET_NAME)";
				WRAPPER_EXTENSION = app;
			};
			name = Debug;
		};
		980B78F8186BA0B300D5D180 /* Release */ = {
			isa = XCBuildConfiguration;
			buildSettings = {
				ASSETCATALOG_COMPILER_APPICON_NAME = AppIcon;
				ASSETCATALOG_COMPILER_LAUNCHIMAGE_NAME = LaunchImage;
				GCC_PRECOMPILE_PREFIX_HEADER = YES;
				GCC_PREFIX_HEADER = "StringByRemovingCharactersInSet/StringByRemovingCharactersInSet-Prefix.pch";
				INFOPLIST_FILE = "StringByRemovingCharactersInSet/StringByRemovingCharactersInSet-Info.plist";
				PRODUCT_NAME = "$(TARGET_NAME)";
				WRAPPER_EXTENSION = app;
			};
			name = Release;
		};
		980B78FA186BA0B300D5D180 /* Debug */ = {
			isa = XCBuildConfiguration;
			buildSettings = {
				ARCHS = "$(ARCHS_STANDARD_INCLUDING_64_BIT)";
				BUNDLE_LOADER = "$(BUILT_PRODUCTS_DIR)/StringByRemovingCharactersInSet.app/StringByRemovingCharactersInSet";
				FRAMEWORK_SEARCH_PATHS = (
					"$(SDKROOT)/Developer/Library/Frameworks",
					"$(inherited)",
					"$(DEVELOPER_FRAMEWORKS_DIR)",
				);
				GCC_PRECOMPILE_PREFIX_HEADER = YES;
				GCC_PREFIX_HEADER = "StringByRemovingCharactersInSet/StringByRemovingCharactersInSet-Prefix.pch";
				GCC_PREPROCESSOR_DEFINITIONS = (
					"DEBUG=1",
					"$(inherited)",
				);
				INFOPLIST_FILE = "StringByRemovingCharactersInSetTests/StringByRemovingCharactersInSetTests-Info.plist";
				PRODUCT_NAME = "$(TARGET_NAME)";
				TEST_HOST = "$(BUNDLE_LOADER)";
				WRAPPER_EXTENSION = xctest;
			};
			name = Debug;
		};
		980B78FB186BA0B300D5D180 /* Release */ = {
			isa = XCBuildConfiguration;
			buildSettings = {
				ARCHS = "$(ARCHS_STANDARD_INCLUDING_64_BIT)";
				BUNDLE_LOADER = "$(BUILT_PRODUCTS_DIR)/StringByRemovingCharactersInSet.app/StringByRemovingCharactersInSet";
				FRAMEWORK_SEARCH_PATHS = (
					"$(SDKROOT)/Developer/Library/Frameworks",
					"$(inherited)",
					"$(DEVELOPER_FRAMEWORKS_DIR)",
				);
				GCC_PRECOMPILE_PREFIX_HEADER = YES;
				GCC_PREFIX_HEADER = "StringByRemovingCharactersInSet/StringByRemovingCharactersInSet-Prefix.pch";
				INFOPLIST_FILE = "StringByRemovingCharactersInSetTests/StringByRemovingCharactersInSetTests-Info.plist";
				PRODUCT_NAME = "$(TARGET_NAME)";
				TEST_HOST = "$(BUNDLE_LOADER)";
				WRAPPER_EXTENSION = xctest;
			};
			name = Release;
		};
/* End XCBuildConfiguration section */

/* Begin XCConfigurationList section */
		980B78BF186BA0B300D5D180 /* Build configuration list for PBXProject "StringByRemovingCharactersInSet" */ = {
			isa = XCConfigurationList;
			buildConfigurations = (
				980B78F4186BA0B300D5D180 /* Debug */,
				980B78F5186BA0B300D5D180 /* Release */,
			);
			defaultConfigurationIsVisible = 0;
			defaultConfigurationName = Release;
		};
		980B78F6186BA0B300D5D180 /* Build configuration list for PBXNativeTarget "StringByRemovingCharactersInSet" */ = {
			isa = XCConfigurationList;
			buildConfigurations = (
				980B78F7186BA0B300D5D180 /* Debug */,
				980B78F8186BA0B300D5D180 /* Release */,
			);
			defaultConfigurationIsVisible = 0;
		};
		980B78F9186BA0B300D5D180 /* Build configuration list for PBXNativeTarget "StringByRemovingCharactersInSetTests" */ = {
			isa = XCConfigurationList;
			buildConfigurations = (
				980B78FA186BA0B300D5D180 /* Debug */,
				980B78FB186BA0B300D5D180 /* Release */,
			);
			defaultConfigurationIsVisible = 0;
		};
/* End XCConfigurationList section */
	};
	rootObject = 980B78BC186BA0B300D5D180 /* Project object */;
}
